{
  "name": "installit",
  "version": "0.0.1",
  "lockfileVersion": 2,
  "requires": true,
  "packages": {
    "": {
      "name": "installit",
      "version": "0.0.1",
      "license": "MIT",
      "dependencies": {
        "properties-parser": "^0.3.1"
      },
      "bin": {
        "installit": "bin/index.js"
      }
    },
    "node_modules/properties-parser": {
      "version": "0.3.1",
      "resolved": "https://registry.npmjs.org/properties-parser/-/properties-parser-0.3.1.tgz",
      "integrity": "sha512-AkSQxQAviJ89x4FIxOyHGfO3uund0gvYo7lfD0E+Gp7gFQKrTNgtoYQklu8EhrfHVZUzTwKGZx2r/KDSfnljcA==",
      "dependencies": {
        "string.prototype.codepointat": "^0.2.0"
      },
      "engines": {
        "node": ">= 0.3.1"
      }
    },
    "node_modules/string.prototype.codepointat": {
      "version": "0.2.1",
      "resolved": "https://registry.npmjs.org/string.prototype.codepointat/-/string.prototype.codepointat-0.2.1.tgz",
      "integrity": "sha512-2cBVCj6I4IOvEnjgO/hWqXjqBGsY+zwPmHl12Srk9IXSZ56Jwwmy+66XO5Iut/oQVR7t5ihYdLB0GMa4alEUcg=="
    }
  },
  "dependencies": {
    "properties-parser": {
      "version": "0.3.1",
      "resolved": "https://registry.npmjs.org/properties-parser/-/properties-parser-0.3.1.tgz",
      "integrity": "sha512-AkSQxQAviJ89x4FIxOyHGfO3uund0gvYo7lfD0E+Gp7gFQKrTNgtoYQklu8EhrfHVZUzTwKGZx2r/KDSfnljcA==",
      "requires": {
        "string.prototype.codepointat": "^0.2.0"
      }
    },
    "string.prototype.codepointat": {
      "version": "0.2.1",
      "resolved": "https://registry.npmjs.org/string.prototype.codepointat/-/string.prototype.codepointat-0.2.1.tgz",
      "integrity": "sha512-2cBVCj6I4IOvEnjgO/hWqXjqBGsY+zwPmHl12Srk9IXSZ56Jwwmy+66XO5Iut/oQVR7t5ihYdLB0GMa4alEUcg=="
    }
  }
}
